// !$*UTF8*$!
{
	archiveVersion = 1;
	classes = {
	};
	objectVersion = 56;
	objects = {

/* Begin PBXBuildFile section */
		020292E82A78CE48002FF660 /* SwiftUILabApp.swift in Sources */ = {isa = PBXBuildFile; fileRef = 020292E72A78CE48002FF660 /* SwiftUILabApp.swift */; };
		020292EA2A78CE48002FF660 /* MainScreenView.swift in Sources */ = {isa = PBXBuildFile; fileRef = 020292E92A78CE48002FF660 /* MainScreenView.swift */; };
		020292EC2A78CE49002FF660 /* Assets.xcassets in Resources */ = {isa = PBXBuildFile; fileRef = 020292EB2A78CE49002FF660 /* Assets.xcassets */; };
		020292EF2A78CE49002FF660 /* Preview Assets.xcassets in Resources */ = {isa = PBXBuildFile; fileRef = 020292EE2A78CE49002FF660 /* Preview Assets.xcassets */; };
		020292F92A78CF34002FF660 /* NavigationRoute.swift in Sources */ = {isa = PBXBuildFile; fileRef = 020292F82A78CF34002FF660 /* NavigationRoute.swift */; };
		020292FB2A78CF92002FF660 /* NavigationRouter.swift in Sources */ = {isa = PBXBuildFile; fileRef = 020292FA2A78CF92002FF660 /* NavigationRouter.swift */; };
		020292FD2A78D0B5002FF660 /* NavigationHost.swift in Sources */ = {isa = PBXBuildFile; fileRef = 020292FC2A78D0B5002FF660 /* NavigationHost.swift */; };
		020293002A78D598002FF660 /* ColorExtension.swift in Sources */ = {isa = PBXBuildFile; fileRef = 020292FF2A78D598002FF660 /* ColorExtension.swift */; };
		020293032A78F81E002FF660 /* FontExtension.swift in Sources */ = {isa = PBXBuildFile; fileRef = 020293022A78F81E002FF660 /* FontExtension.swift */; };
		0202930B2A78FCAC002FF660 /* Roboto-Regular.ttf in Resources */ = {isa = PBXBuildFile; fileRef = 020293052A78FCAC002FF660 /* Roboto-Regular.ttf */; };
		0202930C2A78FCAC002FF660 /* Roboto-Italic.ttf in Resources */ = {isa = PBXBuildFile; fileRef = 020293062A78FCAC002FF660 /* Roboto-Italic.ttf */; };
		0202930D2A78FCAC002FF660 /* Roboto-Light.ttf in Resources */ = {isa = PBXBuildFile; fileRef = 020293072A78FCAC002FF660 /* Roboto-Light.ttf */; };
		0202930E2A78FCAC002FF660 /* Roboto-Thin.ttf in Resources */ = {isa = PBXBuildFile; fileRef = 020293082A78FCAC002FF660 /* Roboto-Thin.ttf */; };
		0202930F2A78FCAC002FF660 /* Roboto-Bold.ttf in Resources */ = {isa = PBXBuildFile; fileRef = 020293092A78FCAC002FF660 /* Roboto-Bold.ttf */; };
		020293102A78FCAC002FF660 /* Roboto-Medium.ttf in Resources */ = {isa = PBXBuildFile; fileRef = 0202930A2A78FCAC002FF660 /* Roboto-Medium.ttf */; };
		022A846E2A95CCAE004DA201 /* CodeableViewModel.swift in Sources */ = {isa = PBXBuildFile; fileRef = 022A846D2A95CCAE004DA201 /* CodeableViewModel.swift */; };
		022A84702A95E216004DA201 /* ObservableAndStateObjectUIView.swift in Sources */ = {isa = PBXBuildFile; fileRef = 022A846F2A95E216004DA201 /* ObservableAndStateObjectUIView.swift */; };
		022A84722A95E3D1004DA201 /* ObservableAndStateObjectViewModel.swift in Sources */ = {isa = PBXBuildFile; fileRef = 022A84712A95E3D1004DA201 /* ObservableAndStateObjectViewModel.swift */; };
		022A84742A95E64C004DA201 /* EnvironmentObjectUiView.swift in Sources */ = {isa = PBXBuildFile; fileRef = 022A84732A95E64C004DA201 /* EnvironmentObjectUiView.swift */; };
		022A84762A95E672004DA201 /* EnvironmentObjectViewModel.swift in Sources */ = {isa = PBXBuildFile; fileRef = 022A84752A95E672004DA201 /* EnvironmentObjectViewModel.swift */; };
		022A84782A95E818004DA201 /* EnvironmentObjectDeatilsUiView.swift in Sources */ = {isa = PBXBuildFile; fileRef = 022A84772A95E818004DA201 /* EnvironmentObjectDeatilsUiView.swift */; };
		022E3D612A9736190044DFEE /* UIComponentView.swift in Sources */ = {isa = PBXBuildFile; fileRef = 022E3D602A9736190044DFEE /* UIComponentView.swift */; };
		022E3D632A974D9A0044DFEE /* TextUIView.swift in Sources */ = {isa = PBXBuildFile; fileRef = 022E3D622A974D9A0044DFEE /* TextUIView.swift */; };
		022E3D662A975A2D0044DFEE /* Localizable.strings in Resources */ = {isa = PBXBuildFile; fileRef = 022E3D682A975A2D0044DFEE /* Localizable.strings */; };
		0251E6F82A83671900679022 /* LazyVStackUiView.swift in Sources */ = {isa = PBXBuildFile; fileRef = 0251E6F72A83671900679022 /* LazyVStackUiView.swift */; };
		0251E6FB2A836E8600679022 /* LazyHStackUiView.swift in Sources */ = {isa = PBXBuildFile; fileRef = 0251E6FA2A836E8600679022 /* LazyHStackUiView.swift */; };
		025CA40B2A84C4C900F6762A /* GridUIView.swift in Sources */ = {isa = PBXBuildFile; fileRef = 025CA40A2A84C4C900F6762A /* GridUIView.swift */; };
		025CA40E2A84C9A400F6762A /* PinnedScrollUIView.swift in Sources */ = {isa = PBXBuildFile; fileRef = 025CA40D2A84C9A400F6762A /* PinnedScrollUIView.swift */; };
		025CA4102A84C9E300F6762A /* NavigationBarExtension.swift in Sources */ = {isa = PBXBuildFile; fileRef = 025CA40F2A84C9E300F6762A /* NavigationBarExtension.swift */; };
		025CA4132A84E13E00F6762A /* LazyHGridUIView.swift in Sources */ = {isa = PBXBuildFile; fileRef = 025CA4122A84E13E00F6762A /* LazyHGridUIView.swift */; };
		025CA4162A84EA9B00F6762A /* LazyVGridUIView.swift in Sources */ = {isa = PBXBuildFile; fileRef = 025CA4152A84EA9B00F6762A /* LazyVGridUIView.swift */; };
		025CA4192A84EC3800F6762A /* ViewThatFitsUIView.swift in Sources */ = {isa = PBXBuildFile; fileRef = 025CA4182A84EC3800F6762A /* ViewThatFitsUIView.swift */; };
		025CA41C2A8500B100F6762A /* SpacerUIView.swift in Sources */ = {isa = PBXBuildFile; fileRef = 025CA41B2A8500B100F6762A /* SpacerUIView.swift */; };
		027CD6212A7FA6CF008B6C86 /* VStackUiView.swift in Sources */ = {isa = PBXBuildFile; fileRef = 027CD6202A7FA6CF008B6C86 /* VStackUiView.swift */; };
		027CD6232A7FA7AF008B6C86 /* VStackDocmentation.md in Resources */ = {isa = PBXBuildFile; fileRef = 027CD6222A7FA7AF008B6C86 /* VStackDocmentation.md */; };
		027CD6262A7FB10D008B6C86 /* HStackUiView.swift in Sources */ = {isa = PBXBuildFile; fileRef = 027CD6252A7FB10D008B6C86 /* HStackUiView.swift */; };
		02A50D2E2A7B75E2001BADE0 /* MainScreenItem.swift in Sources */ = {isa = PBXBuildFile; fileRef = 02A50D2D2A7B75E2001BADE0 /* MainScreenItem.swift */; };
		02A50D322A7B829E001BADE0 /* LayoutsUiView.swift in Sources */ = {isa = PBXBuildFile; fileRef = 02A50D312A7B829E001BADE0 /* LayoutsUiView.swift */; };
		02A50D352A7B843D001BADE0 /* Documentation.docc in Sources */ = {isa = PBXBuildFile; fileRef = 02A50D342A7B843D001BADE0 /* Documentation.docc */; };
		02A50D372A7B8C82001BADE0 /* NavBackButton.swift in Sources */ = {isa = PBXBuildFile; fileRef = 02A50D362A7B8C82001BADE0 /* NavBackButton.swift */; };
		02A50D392A7B9C2E001BADE0 /* LayoutsItem.swift in Sources */ = {isa = PBXBuildFile; fileRef = 02A50D382A7B9C2E001BADE0 /* LayoutsItem.swift */; };
		02A50D3C2A7BAC47001BADE0 /* ZStackUiView.swift in Sources */ = {isa = PBXBuildFile; fileRef = 02A50D3B2A7BAC47001BADE0 /* ZStackUiView.swift */; };
		02B103F92A89FA950087D49B /* LayoutAdjustmentUIView.swift in Sources */ = {isa = PBXBuildFile; fileRef = 02B103F82A89FA950087D49B /* LayoutAdjustmentUIView.swift */; };
		02B103FB2A8A01030087D49B /* PaddingUIView.swift in Sources */ = {isa = PBXBuildFile; fileRef = 02B103FA2A8A01030087D49B /* PaddingUIView.swift */; };
		02B103FD2A8A032C0087D49B /* FrameUIView.swift in Sources */ = {isa = PBXBuildFile; fileRef = 02B103FC2A8A032C0087D49B /* FrameUIView.swift */; };
		02B103FF2A8A061E0087D49B /* FixedSizeUIView.swift in Sources */ = {isa = PBXBuildFile; fileRef = 02B103FE2A8A061E0087D49B /* FixedSizeUIView.swift */; };
		02B104012A8A077C0087D49B /* LayoutPriorityUIView.swift in Sources */ = {isa = PBXBuildFile; fileRef = 02B104002A8A077C0087D49B /* LayoutPriorityUIView.swift */; };
		02B104032A8A08C60087D49B /* PositionUIView.swift in Sources */ = {isa = PBXBuildFile; fileRef = 02B104022A8A08C60087D49B /* PositionUIView.swift */; };
		02B104052A8A329A0087D49B /* OffsetUIView.swift in Sources */ = {isa = PBXBuildFile; fileRef = 02B104042A8A329A0087D49B /* OffsetUIView.swift */; };
		02B104072A8A34200087D49B /* AlignmentUIView.swift in Sources */ = {isa = PBXBuildFile; fileRef = 02B104062A8A34200087D49B /* AlignmentUIView.swift */; };
		02CB65B02A8CC74D00E69F5B /* CoreComponentUIView.swift in Sources */ = {isa = PBXBuildFile; fileRef = 02CB65AF2A8CC74D00E69F5B /* CoreComponentUIView.swift */; };
		02CB65B22A8CCCB400E69F5B /* StatePropertyUIView.swift in Sources */ = {isa = PBXBuildFile; fileRef = 02CB65B12A8CCCB400E69F5B /* StatePropertyUIView.swift */; };
		02CB65B42A8CCE4200E69F5B /* BindingPropertyUIView.swift in Sources */ = {isa = PBXBuildFile; fileRef = 02CB65B32A8CCE4200E69F5B /* BindingPropertyUIView.swift */; };
		02CB65B62A8CCF0900E69F5B /* BindingCounterButtonUiView.swift in Sources */ = {isa = PBXBuildFile; fileRef = 02CB65B52A8CCF0900E69F5B /* BindingCounterButtonUiView.swift */; };
		02CB65B82A8CD00800E69F5B /* WeakSelfUIView.swift in Sources */ = {isa = PBXBuildFile; fileRef = 02CB65B72A8CD00800E69F5B /* WeakSelfUIView.swift */; };
		02CB65BA2A8CD01C00E69F5B /* WeakSelfDetailsUIView.swift in Sources */ = {isa = PBXBuildFile; fileRef = 02CB65B92A8CD01C00E69F5B /* WeakSelfDetailsUIView.swift */; };
		02CB65BC2A8CD02C00E69F5B /* WeakSelfViewModel.swift in Sources */ = {isa = PBXBuildFile; fileRef = 02CB65BB2A8CD02C00E69F5B /* WeakSelfViewModel.swift */; };
		02CB65BE2A8CD9C300E69F5B /* IdentifiableUIView.swift in Sources */ = {isa = PBXBuildFile; fileRef = 02CB65BD2A8CD9C300E69F5B /* IdentifiableUIView.swift */; };
		02CB65C02A8CDE0F00E69F5B /* CodeableUIView.swift in Sources */ = {isa = PBXBuildFile; fileRef = 02CB65BF2A8CDE0F00E69F5B /* CodeableUIView.swift */; };
/* End PBXBuildFile section */

/* Begin PBXFileReference section */
		020292E42A78CE48002FF660 /* SwiftUILab.app */ = {isa = PBXFileReference; explicitFileType = wrapper.application; includeInIndex = 0; path = SwiftUILab.app; sourceTree = BUILT_PRODUCTS_DIR; };
		020292E72A78CE48002FF660 /* SwiftUILabApp.swift */ = {isa = PBXFileReference; lastKnownFileType = sourcecode.swift; path = SwiftUILabApp.swift; sourceTree = "<group>"; };
		020292E92A78CE48002FF660 /* MainScreenView.swift */ = {isa = PBXFileReference; lastKnownFileType = sourcecode.swift; path = MainScreenView.swift; sourceTree = "<group>"; };
		020292EB2A78CE49002FF660 /* Assets.xcassets */ = {isa = PBXFileReference; lastKnownFileType = folder.assetcatalog; path = Assets.xcassets; sourceTree = "<group>"; };
		020292EE2A78CE49002FF660 /* Preview Assets.xcassets */ = {isa = PBXFileReference; lastKnownFileType = folder.assetcatalog; path = "Preview Assets.xcassets"; sourceTree = "<group>"; };
		020292F82A78CF34002FF660 /* NavigationRoute.swift */ = {isa = PBXFileReference; lastKnownFileType = sourcecode.swift; path = NavigationRoute.swift; sourceTree = "<group>"; };
		020292FA2A78CF92002FF660 /* NavigationRouter.swift */ = {isa = PBXFileReference; lastKnownFileType = sourcecode.swift; path = NavigationRouter.swift; sourceTree = "<group>"; };
		020292FC2A78D0B5002FF660 /* NavigationHost.swift */ = {isa = PBXFileReference; lastKnownFileType = sourcecode.swift; path = NavigationHost.swift; sourceTree = "<group>"; };
		020292FF2A78D598002FF660 /* ColorExtension.swift */ = {isa = PBXFileReference; lastKnownFileType = sourcecode.swift; path = ColorExtension.swift; sourceTree = "<group>"; };
		020293012A78D965002FF660 /* Info.plist */ = {isa = PBXFileReference; lastKnownFileType = text.plist.xml; path = Info.plist; sourceTree = "<group>"; };
		020293022A78F81E002FF660 /* FontExtension.swift */ = {isa = PBXFileReference; lastKnownFileType = sourcecode.swift; path = FontExtension.swift; sourceTree = "<group>"; };
		020293052A78FCAC002FF660 /* Roboto-Regular.ttf */ = {isa = PBXFileReference; lastKnownFileType = file; path = "Roboto-Regular.ttf"; sourceTree = "<group>"; };
		020293062A78FCAC002FF660 /* Roboto-Italic.ttf */ = {isa = PBXFileReference; lastKnownFileType = file; path = "Roboto-Italic.ttf"; sourceTree = "<group>"; };
		020293072A78FCAC002FF660 /* Roboto-Light.ttf */ = {isa = PBXFileReference; lastKnownFileType = file; path = "Roboto-Light.ttf"; sourceTree = "<group>"; };
		020293082A78FCAC002FF660 /* Roboto-Thin.ttf */ = {isa = PBXFileReference; lastKnownFileType = file; path = "Roboto-Thin.ttf"; sourceTree = "<group>"; };
		020293092A78FCAC002FF660 /* Roboto-Bold.ttf */ = {isa = PBXFileReference; lastKnownFileType = file; path = "Roboto-Bold.ttf"; sourceTree = "<group>"; };
		0202930A2A78FCAC002FF660 /* Roboto-Medium.ttf */ = {isa = PBXFileReference; lastKnownFileType = file; path = "Roboto-Medium.ttf"; sourceTree = "<group>"; };
		022A846D2A95CCAE004DA201 /* CodeableViewModel.swift */ = {isa = PBXFileReference; lastKnownFileType = sourcecode.swift; path = CodeableViewModel.swift; sourceTree = "<group>"; };
		022A846F2A95E216004DA201 /* ObservableAndStateObjectUIView.swift */ = {isa = PBXFileReference; lastKnownFileType = sourcecode.swift; path = ObservableAndStateObjectUIView.swift; sourceTree = "<group>"; };
		022A84712A95E3D1004DA201 /* ObservableAndStateObjectViewModel.swift */ = {isa = PBXFileReference; lastKnownFileType = sourcecode.swift; path = ObservableAndStateObjectViewModel.swift; sourceTree = "<group>"; };
		022A84732A95E64C004DA201 /* EnvironmentObjectUiView.swift */ = {isa = PBXFileReference; lastKnownFileType = sourcecode.swift; path = EnvironmentObjectUiView.swift; sourceTree = "<group>"; };
		022A84752A95E672004DA201 /* EnvironmentObjectViewModel.swift */ = {isa = PBXFileReference; lastKnownFileType = sourcecode.swift; path = EnvironmentObjectViewModel.swift; sourceTree = "<group>"; };
		022A84772A95E818004DA201 /* EnvironmentObjectDeatilsUiView.swift */ = {isa = PBXFileReference; lastKnownFileType = sourcecode.swift; path = EnvironmentObjectDeatilsUiView.swift; sourceTree = "<group>"; };
		022E3D602A9736190044DFEE /* UIComponentView.swift */ = {isa = PBXFileReference; lastKnownFileType = sourcecode.swift; path = UIComponentView.swift; sourceTree = "<group>"; };
		022E3D622A974D9A0044DFEE /* TextUIView.swift */ = {isa = PBXFileReference; lastKnownFileType = sourcecode.swift; path = TextUIView.swift; sourceTree = "<group>"; };
		022E3D672A975A2D0044DFEE /* en */ = {isa = PBXFileReference; lastKnownFileType = text.plist.strings; name = en; path = en.lproj/Localizable.strings; sourceTree = "<group>"; };
		0251E6F72A83671900679022 /* LazyVStackUiView.swift */ = {isa = PBXFileReference; lastKnownFileType = sourcecode.swift; path = LazyVStackUiView.swift; sourceTree = "<group>"; };
		0251E6FA2A836E8600679022 /* LazyHStackUiView.swift */ = {isa = PBXFileReference; lastKnownFileType = sourcecode.swift; path = LazyHStackUiView.swift; sourceTree = "<group>"; };
		025CA40A2A84C4C900F6762A /* GridUIView.swift */ = {isa = PBXFileReference; lastKnownFileType = sourcecode.swift; path = GridUIView.swift; sourceTree = "<group>"; };
		025CA40D2A84C9A400F6762A /* PinnedScrollUIView.swift */ = {isa = PBXFileReference; lastKnownFileType = sourcecode.swift; path = PinnedScrollUIView.swift; sourceTree = "<group>"; };
		025CA40F2A84C9E300F6762A /* NavigationBarExtension.swift */ = {isa = PBXFileReference; lastKnownFileType = sourcecode.swift; path = NavigationBarExtension.swift; sourceTree = "<group>"; };
		025CA4122A84E13E00F6762A /* LazyHGridUIView.swift */ = {isa = PBXFileReference; lastKnownFileType = sourcecode.swift; path = LazyHGridUIView.swift; sourceTree = "<group>"; };
		025CA4152A84EA9B00F6762A /* LazyVGridUIView.swift */ = {isa = PBXFileReference; lastKnownFileType = sourcecode.swift; path = LazyVGridUIView.swift; sourceTree = "<group>"; };
		025CA4182A84EC3800F6762A /* ViewThatFitsUIView.swift */ = {isa = PBXFileReference; lastKnownFileType = sourcecode.swift; path = ViewThatFitsUIView.swift; sourceTree = "<group>"; };
		025CA41B2A8500B100F6762A /* SpacerUIView.swift */ = {isa = PBXFileReference; lastKnownFileType = sourcecode.swift; path = SpacerUIView.swift; sourceTree = "<group>"; };
		027CD6202A7FA6CF008B6C86 /* VStackUiView.swift */ = {isa = PBXFileReference; lastKnownFileType = sourcecode.swift; path = VStackUiView.swift; sourceTree = "<group>"; };
		027CD6222A7FA7AF008B6C86 /* VStackDocmentation.md */ = {isa = PBXFileReference; lastKnownFileType = net.daringfireball.markdown; path = VStackDocmentation.md; sourceTree = "<group>"; };
		027CD6252A7FB10D008B6C86 /* HStackUiView.swift */ = {isa = PBXFileReference; lastKnownFileType = sourcecode.swift; path = HStackUiView.swift; sourceTree = "<group>"; };
		02A50D2D2A7B75E2001BADE0 /* MainScreenItem.swift */ = {isa = PBXFileReference; lastKnownFileType = sourcecode.swift; path = MainScreenItem.swift; sourceTree = "<group>"; };
		02A50D312A7B829E001BADE0 /* LayoutsUiView.swift */ = {isa = PBXFileReference; lastKnownFileType = sourcecode.swift; path = LayoutsUiView.swift; sourceTree = "<group>"; };
		02A50D342A7B843D001BADE0 /* Documentation.docc */ = {isa = PBXFileReference; lastKnownFileType = folder.documentationcatalog; path = Documentation.docc; sourceTree = "<group>"; };
		02A50D362A7B8C82001BADE0 /* NavBackButton.swift */ = {isa = PBXFileReference; lastKnownFileType = sourcecode.swift; path = NavBackButton.swift; sourceTree = "<group>"; };
		02A50D382A7B9C2E001BADE0 /* LayoutsItem.swift */ = {isa = PBXFileReference; lastKnownFileType = sourcecode.swift; path = LayoutsItem.swift; sourceTree = "<group>"; };
		02A50D3B2A7BAC47001BADE0 /* ZStackUiView.swift */ = {isa = PBXFileReference; lastKnownFileType = sourcecode.swift; path = ZStackUiView.swift; sourceTree = "<group>"; };
		02B103F82A89FA950087D49B /* LayoutAdjustmentUIView.swift */ = {isa = PBXFileReference; lastKnownFileType = sourcecode.swift; path = LayoutAdjustmentUIView.swift; sourceTree = "<group>"; };
		02B103FA2A8A01030087D49B /* PaddingUIView.swift */ = {isa = PBXFileReference; lastKnownFileType = sourcecode.swift; path = PaddingUIView.swift; sourceTree = "<group>"; };
		02B103FC2A8A032C0087D49B /* FrameUIView.swift */ = {isa = PBXFileReference; lastKnownFileType = sourcecode.swift; path = FrameUIView.swift; sourceTree = "<group>"; };
		02B103FE2A8A061E0087D49B /* FixedSizeUIView.swift */ = {isa = PBXFileReference; lastKnownFileType = sourcecode.swift; path = FixedSizeUIView.swift; sourceTree = "<group>"; };
		02B104002A8A077C0087D49B /* LayoutPriorityUIView.swift */ = {isa = PBXFileReference; lastKnownFileType = sourcecode.swift; path = LayoutPriorityUIView.swift; sourceTree = "<group>"; };
		02B104022A8A08C60087D49B /* PositionUIView.swift */ = {isa = PBXFileReference; lastKnownFileType = sourcecode.swift; path = PositionUIView.swift; sourceTree = "<group>"; };
		02B104042A8A329A0087D49B /* OffsetUIView.swift */ = {isa = PBXFileReference; lastKnownFileType = sourcecode.swift; path = OffsetUIView.swift; sourceTree = "<group>"; };
		02B104062A8A34200087D49B /* AlignmentUIView.swift */ = {isa = PBXFileReference; lastKnownFileType = sourcecode.swift; path = AlignmentUIView.swift; sourceTree = "<group>"; };
		02CB65AF2A8CC74D00E69F5B /* CoreComponentUIView.swift */ = {isa = PBXFileReference; lastKnownFileType = sourcecode.swift; path = CoreComponentUIView.swift; sourceTree = "<group>"; };
		02CB65B12A8CCCB400E69F5B /* StatePropertyUIView.swift */ = {isa = PBXFileReference; lastKnownFileType = sourcecode.swift; path = StatePropertyUIView.swift; sourceTree = "<group>"; };
		02CB65B32A8CCE4200E69F5B /* BindingPropertyUIView.swift */ = {isa = PBXFileReference; lastKnownFileType = sourcecode.swift; path = BindingPropertyUIView.swift; sourceTree = "<group>"; };
		02CB65B52A8CCF0900E69F5B /* BindingCounterButtonUiView.swift */ = {isa = PBXFileReference; lastKnownFileType = sourcecode.swift; path = BindingCounterButtonUiView.swift; sourceTree = "<group>"; };
		02CB65B72A8CD00800E69F5B /* WeakSelfUIView.swift */ = {isa = PBXFileReference; lastKnownFileType = sourcecode.swift; path = WeakSelfUIView.swift; sourceTree = "<group>"; };
		02CB65B92A8CD01C00E69F5B /* WeakSelfDetailsUIView.swift */ = {isa = PBXFileReference; lastKnownFileType = sourcecode.swift; path = WeakSelfDetailsUIView.swift; sourceTree = "<group>"; };
		02CB65BB2A8CD02C00E69F5B /* WeakSelfViewModel.swift */ = {isa = PBXFileReference; lastKnownFileType = sourcecode.swift; path = WeakSelfViewModel.swift; sourceTree = "<group>"; };
		02CB65BD2A8CD9C300E69F5B /* IdentifiableUIView.swift */ = {isa = PBXFileReference; lastKnownFileType = sourcecode.swift; path = IdentifiableUIView.swift; sourceTree = "<group>"; };
		02CB65BF2A8CDE0F00E69F5B /* CodeableUIView.swift */ = {isa = PBXFileReference; lastKnownFileType = sourcecode.swift; path = CodeableUIView.swift; sourceTree = "<group>"; };
/* End PBXFileReference section */

/* Begin PBXFrameworksBuildPhase section */
		020292E12A78CE48002FF660 /* Frameworks */ = {
			isa = PBXFrameworksBuildPhase;
			buildActionMask = 2147483647;
			files = (
			);
			runOnlyForDeploymentPostprocessing = 0;
		};
/* End PBXFrameworksBuildPhase section */

/* Begin PBXGroup section */
		020292DB2A78CE48002FF660 = {
			isa = PBXGroup;
			children = (
				020292E62A78CE48002FF660 /* SwiftUILab */,
				020292E52A78CE48002FF660 /* Products */,
			);
			sourceTree = "<group>";
		};
		020292E52A78CE48002FF660 /* Products */ = {
			isa = PBXGroup;
			children = (
				020292E42A78CE48002FF660 /* SwiftUILab.app */,
			);
			name = Products;
			sourceTree = "<group>";
		};
		020292E62A78CE48002FF660 /* SwiftUILab */ = {
			isa = PBXGroup;
			children = (
				020292F52A78CE66002FF660 /* App */,
				020292F72A78CF02002FF660 /* Navigation */,
				020292FE2A78D575002FF660 /* Extension */,
				0228E35A2A793CD8005A338A /* CustomView */,
				02A50D2F2A7B825E001BADE0 /* Views */,
				020292F62A78CE75002FF660 /* Resources */,
				020292ED2A78CE49002FF660 /* Preview Content */,
				020293012A78D965002FF660 /* Info.plist */,
				02A50D342A7B843D001BADE0 /* Documentation.docc */,
			);
			path = SwiftUILab;
			sourceTree = "<group>";
		};
		020292ED2A78CE49002FF660 /* Preview Content */ = {
			isa = PBXGroup;
			children = (
				020292EE2A78CE49002FF660 /* Preview Assets.xcassets */,
			);
			path = "Preview Content";
			sourceTree = "<group>";
		};
		020292F52A78CE66002FF660 /* App */ = {
			isa = PBXGroup;
			children = (
				020292E72A78CE48002FF660 /* SwiftUILabApp.swift */,
				020292E92A78CE48002FF660 /* MainScreenView.swift */,
				02A50D2D2A7B75E2001BADE0 /* MainScreenItem.swift */,
			);
			path = App;
			sourceTree = "<group>";
		};
		020292F62A78CE75002FF660 /* Resources */ = {
			isa = PBXGroup;
			children = (
				020293042A78FC57002FF660 /* Font */,
				020292EB2A78CE49002FF660 /* Assets.xcassets */,
				022E3D682A975A2D0044DFEE /* Localizable.strings */,
			);
			path = Resources;
			sourceTree = "<group>";
		};
		020292F72A78CF02002FF660 /* Navigation */ = {
			isa = PBXGroup;
			children = (
				020292F82A78CF34002FF660 /* NavigationRoute.swift */,
				020292FA2A78CF92002FF660 /* NavigationRouter.swift */,
				020292FC2A78D0B5002FF660 /* NavigationHost.swift */,
			);
			path = Navigation;
			sourceTree = "<group>";
		};
		020292FE2A78D575002FF660 /* Extension */ = {
			isa = PBXGroup;
			children = (
				020292FF2A78D598002FF660 /* ColorExtension.swift */,
				020293022A78F81E002FF660 /* FontExtension.swift */,
				025CA40F2A84C9E300F6762A /* NavigationBarExtension.swift */,
			);
			path = Extension;
			sourceTree = "<group>";
		};
		020293042A78FC57002FF660 /* Font */ = {
			isa = PBXGroup;
			children = (
				020293092A78FCAC002FF660 /* Roboto-Bold.ttf */,
				020293062A78FCAC002FF660 /* Roboto-Italic.ttf */,
				020293072A78FCAC002FF660 /* Roboto-Light.ttf */,
				0202930A2A78FCAC002FF660 /* Roboto-Medium.ttf */,
				020293052A78FCAC002FF660 /* Roboto-Regular.ttf */,
				020293082A78FCAC002FF660 /* Roboto-Thin.ttf */,
			);
			path = Font;
			sourceTree = "<group>";
		};
		0228E35A2A793CD8005A338A /* CustomView */ = {
			isa = PBXGroup;
			children = (
				02A50D362A7B8C82001BADE0 /* NavBackButton.swift */,
			);
			path = CustomView;
			sourceTree = "<group>";
		};
		022E3D5F2A9735E90044DFEE /* UiComponent */ = {
			isa = PBXGroup;
			children = (
				022E3D602A9736190044DFEE /* UIComponentView.swift */,
				022E3D622A974D9A0044DFEE /* TextUIView.swift */,
			);
			path = UiComponent;
			sourceTree = "<group>";
		};
		0251E6F62A8366F900679022 /* LazyVStack */ = {
			isa = PBXGroup;
			children = (
				0251E6F72A83671900679022 /* LazyVStackUiView.swift */,
			);
			path = LazyVStack;
			sourceTree = "<group>";
		};
		0251E6F92A836E3F00679022 /* LazyHStack */ = {
			isa = PBXGroup;
			children = (
				0251E6FA2A836E8600679022 /* LazyHStackUiView.swift */,
			);
			path = LazyHStack;
			sourceTree = "<group>";
		};
		0251E6FC2A83746800679022 /* Grid */ = {
			isa = PBXGroup;
			children = (
				025CA40A2A84C4C900F6762A /* GridUIView.swift */,
			);
			path = Grid;
			sourceTree = "<group>";
		};
		025CA40C2A84C97500F6762A /* PinnedScrollView */ = {
			isa = PBXGroup;
			children = (
				025CA40D2A84C9A400F6762A /* PinnedScrollUIView.swift */,
			);
			path = PinnedScrollView;
			sourceTree = "<group>";
		};
		025CA4112A84E0FD00F6762A /* LazyHGrid */ = {
			isa = PBXGroup;
			children = (
				025CA4122A84E13E00F6762A /* LazyHGridUIView.swift */,
			);
			path = LazyHGrid;
			sourceTree = "<group>";
		};
		025CA4142A84EA7C00F6762A /* LazyVGrid */ = {
			isa = PBXGroup;
			children = (
				025CA4152A84EA9B00F6762A /* LazyVGridUIView.swift */,
			);
			path = LazyVGrid;
			sourceTree = "<group>";
		};
		025CA4172A84EC1800F6762A /* ViewThatFit */ = {
			isa = PBXGroup;
			children = (
				025CA4182A84EC3800F6762A /* ViewThatFitsUIView.swift */,
			);
			path = ViewThatFit;
			sourceTree = "<group>";
		};
		025CA41A2A85009A00F6762A /* Spacer */ = {
			isa = PBXGroup;
			children = (
				025CA41B2A8500B100F6762A /* SpacerUIView.swift */,
			);
			path = Spacer;
			sourceTree = "<group>";
		};
		027CD61F2A7FA658008B6C86 /* VStack */ = {
			isa = PBXGroup;
			children = (
				027CD6202A7FA6CF008B6C86 /* VStackUiView.swift */,
				027CD6222A7FA7AF008B6C86 /* VStackDocmentation.md */,
			);
			path = VStack;
			sourceTree = "<group>";
		};
		027CD6242A7FB0E5008B6C86 /* HStack */ = {
			isa = PBXGroup;
			children = (
				027CD6252A7FB10D008B6C86 /* HStackUiView.swift */,
			);
			path = HStack;
			sourceTree = "<group>";
		};
		02A50D2F2A7B825E001BADE0 /* Views */ = {
			isa = PBXGroup;
			children = (
				022E3D5F2A9735E90044DFEE /* UiComponent */,
				02CB65A52A8CC68C00E69F5B /* CoreComponent */,
				02A50D302A7B826D001BADE0 /* Layouts */,
				02B103F72A89FA4D0087D49B /* LaytoutAdjustment */,
			);
			path = Views;
			sourceTree = "<group>";
		};
		02A50D302A7B826D001BADE0 /* Layouts */ = {
			isa = PBXGroup;
			children = (
				025CA40C2A84C97500F6762A /* PinnedScrollView */,
				027CD61F2A7FA658008B6C86 /* VStack */,
				0251E6F62A8366F900679022 /* LazyVStack */,
				027CD6242A7FB0E5008B6C86 /* HStack */,
				0251E6F92A836E3F00679022 /* LazyHStack */,
				02A50D3A2A7BAC11001BADE0 /* ZStack */,
				0251E6FC2A83746800679022 /* Grid */,
				025CA4112A84E0FD00F6762A /* LazyHGrid */,
				025CA4142A84EA7C00F6762A /* LazyVGrid */,
				025CA4172A84EC1800F6762A /* ViewThatFit */,
				025CA41A2A85009A00F6762A /* Spacer */,
				02A50D332A7B82AC001BADE0 /* Main */,
			);
			path = Layouts;
			sourceTree = "<group>";
		};
		02A50D332A7B82AC001BADE0 /* Main */ = {
			isa = PBXGroup;
			children = (
				02A50D312A7B829E001BADE0 /* LayoutsUiView.swift */,
				02A50D382A7B9C2E001BADE0 /* LayoutsItem.swift */,
			);
			path = Main;
			sourceTree = "<group>";
		};
		02A50D3A2A7BAC11001BADE0 /* ZStack */ = {
			isa = PBXGroup;
			children = (
				02A50D3B2A7BAC47001BADE0 /* ZStackUiView.swift */,
			);
			path = ZStack;
			sourceTree = "<group>";
		};
		02B103F72A89FA4D0087D49B /* LaytoutAdjustment */ = {
			isa = PBXGroup;
			children = (
				02B103F82A89FA950087D49B /* LayoutAdjustmentUIView.swift */,
				02B103FA2A8A01030087D49B /* PaddingUIView.swift */,
				02B103FC2A8A032C0087D49B /* FrameUIView.swift */,
				02B103FE2A8A061E0087D49B /* FixedSizeUIView.swift */,
				02B104002A8A077C0087D49B /* LayoutPriorityUIView.swift */,
				02B104022A8A08C60087D49B /* PositionUIView.swift */,
				02B104042A8A329A0087D49B /* OffsetUIView.swift */,
				02B104062A8A34200087D49B /* AlignmentUIView.swift */,
			);
			path = LaytoutAdjustment;
			sourceTree = "<group>";
		};
		02CB65A52A8CC68C00E69F5B /* CoreComponent */ = {
			isa = PBXGroup;
			children = (
				02CB65AC2A8CC6FD00E69F5B /* EnvironmentObject */,
				02CB65AB2A8CC6DF00E69F5B /* ObservableAndStateObject */,
				02CB65AA2A8CC6D500E69F5B /* Codeable */,
				02CB65A92A8CC6C900E69F5B /* Identifiable */,
				02CB65A82A8CC6C000E69F5B /* WeakSelf */,
				02CB65A72A8CC6A200E69F5B /* BindingProperty */,
				02CB65A62A8CC69500E69F5B /* StateProperty */,
				02CB65AF2A8CC74D00E69F5B /* CoreComponentUIView.swift */,
			);
			path = CoreComponent;
			sourceTree = "<group>";
		};
		02CB65A62A8CC69500E69F5B /* StateProperty */ = {
			isa = PBXGroup;
			children = (
				02CB65B12A8CCCB400E69F5B /* StatePropertyUIView.swift */,
			);
			path = StateProperty;
			sourceTree = "<group>";
		};
		02CB65A72A8CC6A200E69F5B /* BindingProperty */ = {
			isa = PBXGroup;
			children = (
				02CB65B32A8CCE4200E69F5B /* BindingPropertyUIView.swift */,
				02CB65B52A8CCF0900E69F5B /* BindingCounterButtonUiView.swift */,
			);
			path = BindingProperty;
			sourceTree = "<group>";
		};
		02CB65A82A8CC6C000E69F5B /* WeakSelf */ = {
			isa = PBXGroup;
			children = (
				02CB65B72A8CD00800E69F5B /* WeakSelfUIView.swift */,
				02CB65B92A8CD01C00E69F5B /* WeakSelfDetailsUIView.swift */,
				02CB65BB2A8CD02C00E69F5B /* WeakSelfViewModel.swift */,
			);
			path = WeakSelf;
			sourceTree = "<group>";
		};
		02CB65A92A8CC6C900E69F5B /* Identifiable */ = {
			isa = PBXGroup;
			children = (
				02CB65BD2A8CD9C300E69F5B /* IdentifiableUIView.swift */,
			);
			path = Identifiable;
			sourceTree = "<group>";
		};
		02CB65AA2A8CC6D500E69F5B /* Codeable */ = {
			isa = PBXGroup;
			children = (
				02CB65BF2A8CDE0F00E69F5B /* CodeableUIView.swift */,
				022A846D2A95CCAE004DA201 /* CodeableViewModel.swift */,
			);
			path = Codeable;
			sourceTree = "<group>";
		};
		02CB65AB2A8CC6DF00E69F5B /* ObservableAndStateObject */ = {
			isa = PBXGroup;
			children = (
				022A846F2A95E216004DA201 /* ObservableAndStateObjectUIView.swift */,
				022A84712A95E3D1004DA201 /* ObservableAndStateObjectViewModel.swift */,
			);
			path = ObservableAndStateObject;
			sourceTree = "<group>";
		};
		02CB65AC2A8CC6FD00E69F5B /* EnvironmentObject */ = {
			isa = PBXGroup;
			children = (
				022A84732A95E64C004DA201 /* EnvironmentObjectUiView.swift */,
				022A84772A95E818004DA201 /* EnvironmentObjectDeatilsUiView.swift */,
				022A84752A95E672004DA201 /* EnvironmentObjectViewModel.swift */,
			);
			path = EnvironmentObject;
			sourceTree = "<group>";
		};
/* End PBXGroup section */

/* Begin PBXNativeTarget section */
		020292E32A78CE48002FF660 /* SwiftUILab */ = {
			isa = PBXNativeTarget;
			buildConfigurationList = 020292F22A78CE49002FF660 /* Build configuration list for PBXNativeTarget "SwiftUILab" */;
			buildPhases = (
				020292E02A78CE48002FF660 /* Sources */,
				020292E12A78CE48002FF660 /* Frameworks */,
				020292E22A78CE48002FF660 /* Resources */,
			);
			buildRules = (
			);
			dependencies = (
			);
			name = SwiftUILab;
			productName = SwiftUILab;
			productReference = 020292E42A78CE48002FF660 /* SwiftUILab.app */;
			productType = "com.apple.product-type.application";
		};
/* End PBXNativeTarget section */

/* Begin PBXProject section */
		020292DC2A78CE48002FF660 /* Project object */ = {
			isa = PBXProject;
			attributes = {
				BuildIndependentTargetsInParallel = 1;
				LastSwiftUpdateCheck = 1430;
				LastUpgradeCheck = 1430;
				TargetAttributes = {
					020292E32A78CE48002FF660 = {
						CreatedOnToolsVersion = 14.3.1;
					};
				};
			};
			buildConfigurationList = 020292DF2A78CE48002FF660 /* Build configuration list for PBXProject "SwiftUILab" */;
			compatibilityVersion = "Xcode 14.0";
			developmentRegion = en;
			hasScannedForEncodings = 0;
			knownRegions = (
				en,
				Base,
			);
			mainGroup = 020292DB2A78CE48002FF660;
			productRefGroup = 020292E52A78CE48002FF660 /* Products */;
			projectDirPath = "";
			projectRoot = "";
			targets = (
				020292E32A78CE48002FF660 /* SwiftUILab */,
			);
		};
/* End PBXProject section */

/* Begin PBXResourcesBuildPhase section */
		020292E22A78CE48002FF660 /* Resources */ = {
			isa = PBXResourcesBuildPhase;
			buildActionMask = 2147483647;
			files = (
				020293102A78FCAC002FF660 /* Roboto-Medium.ttf in Resources */,
				0202930F2A78FCAC002FF660 /* Roboto-Bold.ttf in Resources */,
				027CD6232A7FA7AF008B6C86 /* VStackDocmentation.md in Resources */,
				0202930B2A78FCAC002FF660 /* Roboto-Regular.ttf in Resources */,
				0202930C2A78FCAC002FF660 /* Roboto-Italic.ttf in Resources */,
				022E3D662A975A2D0044DFEE /* Localizable.strings in Resources */,
				0202930E2A78FCAC002FF660 /* Roboto-Thin.ttf in Resources */,
				0202930D2A78FCAC002FF660 /* Roboto-Light.ttf in Resources */,
				020292EF2A78CE49002FF660 /* Preview Assets.xcassets in Resources */,
				020292EC2A78CE49002FF660 /* Assets.xcassets in Resources */,
			);
			runOnlyForDeploymentPostprocessing = 0;
		};
/* End PBXResourcesBuildPhase section */

/* Begin PBXSourcesBuildPhase section */
		020292E02A78CE48002FF660 /* Sources */ = {
			isa = PBXSourcesBuildPhase;
			buildActionMask = 2147483647;
			files = (
				02B103FB2A8A01030087D49B /* PaddingUIView.swift in Sources */,
				02CB65B82A8CD00800E69F5B /* WeakSelfUIView.swift in Sources */,
				020292FD2A78D0B5002FF660 /* NavigationHost.swift in Sources */,
				02A50D3C2A7BAC47001BADE0 /* ZStackUiView.swift in Sources */,
				027CD6212A7FA6CF008B6C86 /* VStackUiView.swift in Sources */,
				02B104052A8A329A0087D49B /* OffsetUIView.swift in Sources */,
				02B103FF2A8A061E0087D49B /* FixedSizeUIView.swift in Sources */,
				022A84782A95E818004DA201 /* EnvironmentObjectDeatilsUiView.swift in Sources */,
				020292EA2A78CE48002FF660 /* MainScreenView.swift in Sources */,
				02A50D352A7B843D001BADE0 /* Documentation.docc in Sources */,
				02B104072A8A34200087D49B /* AlignmentUIView.swift in Sources */,
				02CB65B22A8CCCB400E69F5B /* StatePropertyUIView.swift in Sources */,
				022E3D612A9736190044DFEE /* UIComponentView.swift in Sources */,
				025CA4192A84EC3800F6762A /* ViewThatFitsUIView.swift in Sources */,
				02B103FD2A8A032C0087D49B /* FrameUIView.swift in Sources */,
				020293032A78F81E002FF660 /* FontExtension.swift in Sources */,
				025CA40B2A84C4C900F6762A /* GridUIView.swift in Sources */,
				025CA4162A84EA9B00F6762A /* LazyVGridUIView.swift in Sources */,
				02B104012A8A077C0087D49B /* LayoutPriorityUIView.swift in Sources */,
				0251E6F82A83671900679022 /* LazyVStackUiView.swift in Sources */,
				02A50D2E2A7B75E2001BADE0 /* MainScreenItem.swift in Sources */,
				02CB65B62A8CCF0900E69F5B /* BindingCounterButtonUiView.swift in Sources */,
				02CB65BE2A8CD9C300E69F5B /* IdentifiableUIView.swift in Sources */,
				025CA4102A84C9E300F6762A /* NavigationBarExtension.swift in Sources */,
				025CA41C2A8500B100F6762A /* SpacerUIView.swift in Sources */,
				022A84702A95E216004DA201 /* ObservableAndStateObjectUIView.swift in Sources */,
				022A84762A95E672004DA201 /* EnvironmentObjectViewModel.swift in Sources */,
				022A84742A95E64C004DA201 /* EnvironmentObjectUiView.swift in Sources */,
				020292F92A78CF34002FF660 /* NavigationRoute.swift in Sources */,
				020293002A78D598002FF660 /* ColorExtension.swift in Sources */,
				02CB65B42A8CCE4200E69F5B /* BindingPropertyUIView.swift in Sources */,
				02A50D372A7B8C82001BADE0 /* NavBackButton.swift in Sources */,
				02CB65B02A8CC74D00E69F5B /* CoreComponentUIView.swift in Sources */,
				02CB65C02A8CDE0F00E69F5B /* CodeableUIView.swift in Sources */,
				022A84722A95E3D1004DA201 /* ObservableAndStateObjectViewModel.swift in Sources */,
				02CB65BA2A8CD01C00E69F5B /* WeakSelfDetailsUIView.swift in Sources */,
				022E3D632A974D9A0044DFEE /* TextUIView.swift in Sources */,
				0251E6FB2A836E8600679022 /* LazyHStackUiView.swift in Sources */,
				022A846E2A95CCAE004DA201 /* CodeableViewModel.swift in Sources */,
				02A50D392A7B9C2E001BADE0 /* LayoutsItem.swift in Sources */,
				025CA40E2A84C9A400F6762A /* PinnedScrollUIView.swift in Sources */,
				02CB65BC2A8CD02C00E69F5B /* WeakSelfViewModel.swift in Sources */,
				02B103F92A89FA950087D49B /* LayoutAdjustmentUIView.swift in Sources */,
				02A50D322A7B829E001BADE0 /* LayoutsUiView.swift in Sources */,
				02B104032A8A08C60087D49B /* PositionUIView.swift in Sources */,
				025CA4132A84E13E00F6762A /* LazyHGridUIView.swift in Sources */,
				020292FB2A78CF92002FF660 /* NavigationRouter.swift in Sources */,
				027CD6262A7FB10D008B6C86 /* HStackUiView.swift in Sources */,
				020292E82A78CE48002FF660 /* SwiftUILabApp.swift in Sources */,
			);
			runOnlyForDeploymentPostprocessing = 0;
		};
/* End PBXSourcesBuildPhase section */

/* Begin PBXVariantGroup section */
		022E3D682A975A2D0044DFEE /* Localizable.strings */ = {
			isa = PBXVariantGroup;
			children = (
				022E3D672A975A2D0044DFEE /* en */,
			);
			name = Localizable.strings;
			sourceTree = "<group>";
		};
/* End PBXVariantGroup section */

/* Begin XCBuildConfiguration section */
		020292F02A78CE49002FF660 /* Debug */ = {
			isa = XCBuildConfiguration;
			buildSettings = {
				ALWAYS_SEARCH_USER_PATHS = NO;
				CLANG_ANALYZER_NONNULL = YES;
				CLANG_ANALYZER_NUMBER_OBJECT_CONVERSION = YES_AGGRESSIVE;
				CLANG_CXX_LANGUAGE_STANDARD = "gnu++20";
				CLANG_ENABLE_MODULES = YES;
				CLANG_ENABLE_OBJC_ARC = YES;
				CLANG_ENABLE_OBJC_WEAK = YES;
				CLANG_WARN_BLOCK_CAPTURE_AUTORELEASING = YES;
				CLANG_WARN_BOOL_CONVERSION = YES;
				CLANG_WARN_COMMA = YES;
				CLANG_WARN_CONSTANT_CONVERSION = YES;
				CLANG_WARN_DEPRECATED_OBJC_IMPLEMENTATIONS = YES;
				CLANG_WARN_DIRECT_OBJC_ISA_USAGE = YES_ERROR;
				CLANG_WARN_DOCUMENTATION_COMMENTS = YES;
				CLANG_WARN_EMPTY_BODY = YES;
				CLANG_WARN_ENUM_CONVERSION = YES;
				CLANG_WARN_INFINITE_RECURSION = YES;
				CLANG_WARN_INT_CONVERSION = YES;
				CLANG_WARN_NON_LITERAL_NULL_CONVERSION = YES;
				CLANG_WARN_OBJC_IMPLICIT_RETAIN_SELF = YES;
				CLANG_WARN_OBJC_LITERAL_CONVERSION = YES;
				CLANG_WARN_OBJC_ROOT_CLASS = YES_ERROR;
				CLANG_WARN_QUOTED_INCLUDE_IN_FRAMEWORK_HEADER = YES;
				CLANG_WARN_RANGE_LOOP_ANALYSIS = YES;
				CLANG_WARN_STRICT_PROTOTYPES = YES;
				CLANG_WARN_SUSPICIOUS_MOVE = YES;
				CLANG_WARN_UNGUARDED_AVAILABILITY = YES_AGGRESSIVE;
				CLANG_WARN_UNREACHABLE_CODE = YES;
				CLANG_WARN__DUPLICATE_METHOD_MATCH = YES;
				COPY_PHASE_STRIP = NO;
				DEBUG_INFORMATION_FORMAT = dwarf;
				ENABLE_STRICT_OBJC_MSGSEND = YES;
				ENABLE_TESTABILITY = YES;
				GCC_C_LANGUAGE_STANDARD = gnu11;
				GCC_DYNAMIC_NO_PIC = NO;
				GCC_NO_COMMON_BLOCKS = YES;
				GCC_OPTIMIZATION_LEVEL = 0;
				GCC_PREPROCESSOR_DEFINITIONS = (
					"DEBUG=1",
					"$(inherited)",
				);
				GCC_WARN_64_TO_32_BIT_CONVERSION = YES;
				GCC_WARN_ABOUT_RETURN_TYPE = YES_ERROR;
				GCC_WARN_UNDECLARED_SELECTOR = YES;
				GCC_WARN_UNINITIALIZED_AUTOS = YES_AGGRESSIVE;
				GCC_WARN_UNUSED_FUNCTION = YES;
				GCC_WARN_UNUSED_VARIABLE = YES;
				IPHONEOS_DEPLOYMENT_TARGET = 16.4;
				MTL_ENABLE_DEBUG_INFO = INCLUDE_SOURCE;
				MTL_FAST_MATH = YES;
				ONLY_ACTIVE_ARCH = YES;
				SDKROOT = iphoneos;
				SWIFT_ACTIVE_COMPILATION_CONDITIONS = DEBUG;
				SWIFT_OPTIMIZATION_LEVEL = "-Onone";
			};
			name = Debug;
		};
		020292F12A78CE49002FF660 /* Release */ = {
			isa = XCBuildConfiguration;
			buildSettings = {
				ALWAYS_SEARCH_USER_PATHS = NO;
				CLANG_ANALYZER_NONNULL = YES;
				CLANG_ANALYZER_NUMBER_OBJECT_CONVERSION = YES_AGGRESSIVE;
				CLANG_CXX_LANGUAGE_STANDARD = "gnu++20";
				CLANG_ENABLE_MODULES = YES;
				CLANG_ENABLE_OBJC_ARC = YES;
				CLANG_ENABLE_OBJC_WEAK = YES;
				CLANG_WARN_BLOCK_CAPTURE_AUTORELEASING = YES;
				CLANG_WARN_BOOL_CONVERSION = YES;
				CLANG_WARN_COMMA = YES;
				CLANG_WARN_CONSTANT_CONVERSION = YES;
				CLANG_WARN_DEPRECATED_OBJC_IMPLEMENTATIONS = YES;
				CLANG_WARN_DIRECT_OBJC_ISA_USAGE = YES_ERROR;
				CLANG_WARN_DOCUMENTATION_COMMENTS = YES;
				CLANG_WARN_EMPTY_BODY = YES;
				CLANG_WARN_ENUM_CONVERSION = YES;
				CLANG_WARN_INFINITE_RECURSION = YES;
				CLANG_WARN_INT_CONVERSION = YES;
				CLANG_WARN_NON_LITERAL_NULL_CONVERSION = YES;
				CLANG_WARN_OBJC_IMPLICIT_RETAIN_SELF = YES;
				CLANG_WARN_OBJC_LITERAL_CONVERSION = YES;
				CLANG_WARN_OBJC_ROOT_CLASS = YES_ERROR;
				CLANG_WARN_QUOTED_INCLUDE_IN_FRAMEWORK_HEADER = YES;
				CLANG_WARN_RANGE_LOOP_ANALYSIS = YES;
				CLANG_WARN_STRICT_PROTOTYPES = YES;
				CLANG_WARN_SUSPICIOUS_MOVE = YES;
				CLANG_WARN_UNGUARDED_AVAILABILITY = YES_AGGRESSIVE;
				CLANG_WARN_UNREACHABLE_CODE = YES;
				CLANG_WARN__DUPLICATE_METHOD_MATCH = YES;
				COPY_PHASE_STRIP = NO;
				DEBUG_INFORMATION_FORMAT = "dwarf-with-dsym";
				ENABLE_NS_ASSERTIONS = NO;
				ENABLE_STRICT_OBJC_MSGSEND = YES;
				GCC_C_LANGUAGE_STANDARD = gnu11;
				GCC_NO_COMMON_BLOCKS = YES;
				GCC_WARN_64_TO_32_BIT_CONVERSION = YES;
				GCC_WARN_ABOUT_RETURN_TYPE = YES_ERROR;
				GCC_WARN_UNDECLARED_SELECTOR = YES;
				GCC_WARN_UNINITIALIZED_AUTOS = YES_AGGRESSIVE;
				GCC_WARN_UNUSED_FUNCTION = YES;
				GCC_WARN_UNUSED_VARIABLE = YES;
				IPHONEOS_DEPLOYMENT_TARGET = 16.4;
				MTL_ENABLE_DEBUG_INFO = NO;
				MTL_FAST_MATH = YES;
				SDKROOT = iphoneos;
				SWIFT_COMPILATION_MODE = wholemodule;
				SWIFT_OPTIMIZATION_LEVEL = "-O";
				VALIDATE_PRODUCT = YES;
			};
			name = Release;
		};
		020292F32A78CE49002FF660 /* Debug */ = {
			isa = XCBuildConfiguration;
			buildSettings = {
				ASSETCATALOG_COMPILER_APPICON_NAME = AppIcon;
				ASSETCATALOG_COMPILER_GLOBAL_ACCENT_COLOR_NAME = AccentColor;
				CODE_SIGN_STYLE = Automatic;
				CURRENT_PROJECT_VERSION = 1;
				DEVELOPMENT_ASSET_PATHS = "\"SwiftUILab/Preview Content\"";
				ENABLE_PREVIEWS = YES;
				GENERATE_INFOPLIST_FILE = YES;
				INFOPLIST_FILE = SwiftUILab/Info.plist;
				INFOPLIST_KEY_UIApplicationSceneManifest_Generation = YES;
				INFOPLIST_KEY_UIApplicationSupportsIndirectInputEvents = YES;
				INFOPLIST_KEY_UILaunchScreen_Generation = YES;
				INFOPLIST_KEY_UIStatusBarStyle = UIStatusBarStyleLightContent;
				INFOPLIST_KEY_UISupportedInterfaceOrientations_iPad = "UIInterfaceOrientationPortrait UIInterfaceOrientationPortraitUpsideDown UIInterfaceOrientationLandscapeLeft UIInterfaceOrientationLandscapeRight";
				INFOPLIST_KEY_UISupportedInterfaceOrientations_iPhone = "UIInterfaceOrientationPortrait UIInterfaceOrientationLandscapeLeft UIInterfaceOrientationLandscapeRight";
				LD_RUNPATH_SEARCH_PATHS = (
					"$(inherited)",
					"@executable_path/Frameworks",
				);
				MARKETING_VERSION = 1.0;
				PRODUCT_BUNDLE_IDENTIFIER = com.iamkamrul.SwiftUILab;
				PRODUCT_NAME = "$(TARGET_NAME)";
				SWIFT_EMIT_LOC_STRINGS = YES;
				SWIFT_VERSION = 5.0;
				TARGETED_DEVICE_FAMILY = "1,2";
			};
			name = Debug;
		};
		020292F42A78CE49002FF660 /* Release */ = {
			isa = XCBuildConfiguration;
			buildSettings = {
				ASSETCATALOG_COMPILER_APPICON_NAME = AppIcon;
				ASSETCATALOG_COMPILER_GLOBAL_ACCENT_COLOR_NAME = AccentColor;
				CODE_SIGN_STYLE = Automatic;
				CURRENT_PROJECT_VERSION = 1;
				DEVELOPMENT_ASSET_PATHS = "\"SwiftUILab/Preview Content\"";
				ENABLE_PREVIEWS = YES;
				GENERATE_INFOPLIST_FILE = YES;
				INFOPLIST_FILE = SwiftUILab/Info.plist;
				INFOPLIST_KEY_UIApplicationSceneManifest_Generation = YES;
				INFOPLIST_KEY_UIApplicationSupportsIndirectInputEvents = YES;
				INFOPLIST_KEY_UILaunchScreen_Generation = YES;
				INFOPLIST_KEY_UIStatusBarStyle = UIStatusBarStyleLightContent;
				INFOPLIST_KEY_UISupportedInterfaceOrientations_iPad = "UIInterfaceOrientationPortrait UIInterfaceOrientationPortraitUpsideDown UIInterfaceOrientationLandscapeLeft UIInterfaceOrientationLandscapeRight";
				INFOPLIST_KEY_UISupportedInterfaceOrientations_iPhone = "UIInterfaceOrientationPortrait UIInterfaceOrientationLandscapeLeft UIInterfaceOrientationLandscapeRight";
				LD_RUNPATH_SEARCH_PATHS = (
					"$(inherited)",
					"@executable_path/Frameworks",
				);
				MARKETING_VERSION = 1.0;
				PRODUCT_BUNDLE_IDENTIFIER = com.iamkamrul.SwiftUILab;
				PRODUCT_NAME = "$(TARGET_NAME)";
				SWIFT_EMIT_LOC_STRINGS = YES;
				SWIFT_VERSION = 5.0;
				TARGETED_DEVICE_FAMILY = "1,2";
			};
			name = Release;
		};
/* End XCBuildConfiguration section */

/* Begin XCConfigurationList section */
		020292DF2A78CE48002FF660 /* Build configuration list for PBXProject "SwiftUILab" */ = {
			isa = XCConfigurationList;
			buildConfigurations = (
				020292F02A78CE49002FF660 /* Debug */,
				020292F12A78CE49002FF660 /* Release */,
			);
			defaultConfigurationIsVisible = 0;
			defaultConfigurationName = Release;
		};
		020292F22A78CE49002FF660 /* Build configuration list for PBXNativeTarget "SwiftUILab" */ = {
			isa = XCConfigurationList;
			buildConfigurations = (
				020292F32A78CE49002FF660 /* Debug */,
				020292F42A78CE49002FF660 /* Release */,
			);
			defaultConfigurationIsVisible = 0;
			defaultConfigurationName = Release;
		};
/* End XCConfigurationList section */
	};
	rootObject = 020292DC2A78CE48002FF660 /* Project object */;
}
